
Microsoft Visual Studio Solution File, Format Version 12.00
# Visual Studio Version 17
VisualStudioVersion = 17.8.34330.188
MinimumVisualStudioVersion = 10.0.40219.1
Project("{FAE04EC0-301F-11D3-BF4B-00C04F79EFBC}") = "FoodAppDALLayer", "FoodAppDALLayer\FoodAppDALLayer.csproj", "{310341CE-8977-49D3-B456-ABB353B8D8AF}"
EndProject
Project("{FAE04EC0-301F-11D3-BF4B-00C04F79EFBC}") = "FoodAppSeviceLayer", "FoodAppSeviceLayer\FoodAppSeviceLayer.csproj", "{BD6CF7FD-5185-471F-8B45-4EBB32719751}"
EndProject
Project("{FAE04EC0-301F-11D3-BF4B-00C04F79EFBC}") = "FoodAppUILayer", "FoodAppUILayer\FoodAppUILayer.csproj", "{42370479-7585-4AF9-8580-DFE743FF7F6B}"
EndProject
Project("{FAE04EC0-301F-11D3-BF4B-00C04F79EFBC}") = "FoodAppTesting", "FoodAppTesting\FoodAppTesting.csproj", "{D74DD688-E4C5-4AAF-9163-528CB4BEC8C9}"
EndProject
Global
	GlobalSection(SolutionConfigurationPlatforms) = preSolution
		Debug|Any CPU = Debug|Any CPU
		Release|Any CPU = Release|Any CPU
	EndGlobalSection
	GlobalSection(ProjectConfigurationPlatforms) = postSolution
		{310341CE-8977-49D3-B456-ABB353B8D8AF}.Debug|Any CPU.ActiveCfg = Debug|Any CPU
		{310341CE-8977-49D3-B456-ABB353B8D8AF}.Debug|Any CPU.Build.0 = Debug|Any CPU
		{310341CE-8977-49D3-B456-ABB353B8D8AF}.Release|Any CPU.ActiveCfg = Release|Any CPU
		{310341CE-8977-49D3-B456-ABB353B8D8AF}.Release|Any CPU.Build.0 = Release|Any CPU
		{BD6CF7FD-5185-471F-8B45-4EBB32719751}.Debug|Any CPU.ActiveCfg = Debug|Any CPU
		{BD6CF7FD-5185-471F-8B45-4EBB32719751}.Debug|Any CPU.Build.0 = Debug|Any CPU
		{BD6CF7FD-5185-471F-8B45-4EBB32719751}.Release|Any CPU.ActiveCfg = Release|Any CPU
		{BD6CF7FD-5185-471F-8B45-4EBB32719751}.Release|Any CPU.Build.0 = Release|Any CPU
		{42370479-7585-4AF9-8580-DFE743FF7F6B}.Debug|Any CPU.ActiveCfg = Debug|Any CPU
		{42370479-7585-4AF9-8580-DFE743FF7F6B}.Debug|Any CPU.Build.0 = Debug|Any CPU
		{42370479-7585-4AF9-8580-DFE743FF7F6B}.Release|Any CPU.ActiveCfg = Release|Any CPU
		{42370479-7585-4AF9-8580-DFE743FF7F6B}.Release|Any CPU.Build.0 = Release|Any CPU
		{D74DD688-E4C5-4AAF-9163-528CB4BEC8C9}.Debug|Any CPU.ActiveCfg = Debug|Any CPU
		{D74DD688-E4C5-4AAF-9163-528CB4BEC8C9}.Debug|Any CPU.Build.0 = Debug|Any CPU
		{D74DD688-E4C5-4AAF-9163-528CB4BEC8C9}.Release|Any CPU.ActiveCfg = Release|Any CPU
		{D74DD688-E4C5-4AAF-9163-528CB4BEC8C9}.Release|Any CPU.Build.0 = Release|Any CPU
	EndGlobalSection
	GlobalSection(SolutionProperties) = preSolution
		HideSolutionNode = FALSE
	EndGlobalSection
	GlobalSection(ExtensibilityGlobals) = postSolution
		SolutionGuid = {1F60BBF9-311E-4EEB-AEAB-BAAA9EFCCDFF}
	EndGlobalSection
EndGlobal
